
Microsoft Visual Studio Solution File, Format Version 12.00
# Visual Studio Version 17
VisualStudioVersion = 17.6.33712.159
MinimumVisualStudioVersion = 10.0.40219.1
Project("{8BC9CEB8-8B4A-11D0-8D11-00A0C91BC942}") = "StackUsingArrays", "StackUsingArrays.vcxproj", "{D144C522-5877-48AE-BC3B-E03E7A21A702}"
EndProject
Global
	GlobalSection(SolutionConfigurationPlatforms) = preSolution
		Debug|x64 = Debug|x64
		Debug|x86 = Debug|x86
		Release|x64 = Release|x64
		Release|x86 = Release|x86
	EndGlobalSection
	GlobalSection(ProjectConfigurationPlatforms) = postSolution
		{D144C522-5877-48AE-BC3B-E03E7A21A702}.Debug|x64.ActiveCfg = Debug|x64
		{D144C522-5877-48AE-BC3B-E03E7A21A702}.Debug|x64.Build.0 = Debug|x64
		{D144C522-5877-48AE-BC3B-E03E7A21A702}.Debug|x86.ActiveCfg = Debug|Win32
		{D144C522-5877-48AE-BC3B-E03E7A21A702}.Debug|x86.Build.0 = Debug|Win32
		{D144C522-5877-48AE-BC3B-E03E7A21A702}.Release|x64.ActiveCfg = Release|x64
		{D144C522-5877-48AE-BC3B-E03E7A21A702}.Release|x64.Build.0 = Release|x64
		{D144C522-5877-48AE-BC3B-E03E7A21A702}.Release|x86.ActiveCfg = Release|Win32
		{D144C522-5877-48AE-BC3B-E03E7A21A702}.Release|x86.Build.0 = Release|Win32
	EndGlobalSection
	GlobalSection(SolutionProperties) = preSolution
		HideSolutionNode = FALSE
	EndGlobalSection
	GlobalSection(ExtensibilityGlobals) = postSolution
		SolutionGuid = {32E86123-7AC5-4965-A848-E0DEF4253EBB}
	EndGlobalSection
EndGlobal
