
Microsoft Visual Studio Solution File, Format Version 12.00
# Visual Studio Version 17
VisualStudioVersion = 17.6.33712.159
MinimumVisualStudioVersion = 10.0.40219.1
Project("{8BC9CEB8-8B4A-11D0-8D11-00A0C91BC942}") = "DSA-Lab-2", "DSA-Lab-2.vcxproj", "{BDFEFEDD-F096-4424-846E-60851AB63D32}"
EndProject
Global
	GlobalSection(SolutionConfigurationPlatforms) = preSolution
		Debug|x64 = Debug|x64
		Debug|x86 = Debug|x86
		Release|x64 = Release|x64
		Release|x86 = Release|x86
	EndGlobalSection
	GlobalSection(ProjectConfigurationPlatforms) = postSolution
		{BDFEFEDD-F096-4424-846E-60851AB63D32}.Debug|x64.ActiveCfg = Debug|x64
		{BDFEFEDD-F096-4424-846E-60851AB63D32}.Debug|x64.Build.0 = Debug|x64
		{BDFEFEDD-F096-4424-846E-60851AB63D32}.Debug|x86.ActiveCfg = Debug|Win32
		{BDFEFEDD-F096-4424-846E-60851AB63D32}.Debug|x86.Build.0 = Debug|Win32
		{BDFEFEDD-F096-4424-846E-60851AB63D32}.Release|x64.ActiveCfg = Release|x64
		{BDFEFEDD-F096-4424-846E-60851AB63D32}.Release|x64.Build.0 = Release|x64
		{BDFEFEDD-F096-4424-846E-60851AB63D32}.Release|x86.ActiveCfg = Release|Win32
		{BDFEFEDD-F096-4424-846E-60851AB63D32}.Release|x86.Build.0 = Release|Win32
	EndGlobalSection
	GlobalSection(SolutionProperties) = preSolution
		HideSolutionNode = FALSE
	EndGlobalSection
	GlobalSection(ExtensibilityGlobals) = postSolution
		SolutionGuid = {ED2EC757-CCAC-4E24-B130-1BF903B00376}
	EndGlobalSection
EndGlobal
